// !$*UTF8*$!
{
	archiveVersion = 1;
	classes = {
	};
	objectVersion = 56;
	objects = {

/* Begin PBXBuildFile section */
		9A8C47F62B86B1B500D45E2B /* AppetizersApp.swift in Sources */ = {isa = PBXBuildFile; fileRef = 9A8C47F52B86B1B500D45E2B /* AppetizersApp.swift */; };
		9A8C47F82B86B1B500D45E2B /* AppetizerTabView.swift in Sources */ = {isa = PBXBuildFile; fileRef = 9A8C47F72B86B1B500D45E2B /* AppetizerTabView.swift */; };
		9A8C47FA2B86B1B600D45E2B /* Assets.xcassets in Resources */ = {isa = PBXBuildFile; fileRef = 9A8C47F92B86B1B600D45E2B /* Assets.xcassets */; };
		9A8C47FD2B86B1B600D45E2B /* Preview Assets.xcassets in Resources */ = {isa = PBXBuildFile; fileRef = 9A8C47FC2B86B1B600D45E2B /* Preview Assets.xcassets */; };
		9A8C48042B87AAEA00D45E2B /* AppetizerListView.swift in Sources */ = {isa = PBXBuildFile; fileRef = 9A8C48032B87AAEA00D45E2B /* AppetizerListView.swift */; };
		9A8C48062B87AAF200D45E2B /* AccountView.swift in Sources */ = {isa = PBXBuildFile; fileRef = 9A8C48052B87AAF200D45E2B /* AccountView.swift */; };
		9A8C48082B87AAF900D45E2B /* OrderView.swift in Sources */ = {isa = PBXBuildFile; fileRef = 9A8C48072B87AAF900D45E2B /* OrderView.swift */; };
		9AF164B62B89427F00AD488B /* Appetizer.swift in Sources */ = {isa = PBXBuildFile; fileRef = 9AF164B52B89427F00AD488B /* Appetizer.swift */; };
		9AF164B82B8948CC00AD488B /* AppetizerListCell.swift in Sources */ = {isa = PBXBuildFile; fileRef = 9AF164B72B8948CC00AD488B /* AppetizerListCell.swift */; };
		9AF164BA2B8949AA00AD488B /* NetworkManager.swift in Sources */ = {isa = PBXBuildFile; fileRef = 9AF164B92B8949AA00AD488B /* NetworkManager.swift */; };
		9AF164BC2B894A8600AD488B /* APError.swift in Sources */ = {isa = PBXBuildFile; fileRef = 9AF164BB2B894A8600AD488B /* APError.swift */; };
		9AF164BE2B89505A00AD488B /* AppetizerListViewModel.swift in Sources */ = {isa = PBXBuildFile; fileRef = 9AF164BD2B89505A00AD488B /* AppetizerListViewModel.swift */; };
		9AF164C02B8951D000AD488B /* Alert.swift in Sources */ = {isa = PBXBuildFile; fileRef = 9AF164BF2B8951D000AD488B /* Alert.swift */; };
		9AF164C22B8D2F7000AD488B /* LoadingView.swift in Sources */ = {isa = PBXBuildFile; fileRef = 9AF164C12B8D2F7000AD488B /* LoadingView.swift */; };
		9AF164C62B8D430200AD488B /* RemoteImage.swift in Sources */ = {isa = PBXBuildFile; fileRef = 9AF164C52B8D430200AD488B /* RemoteImage.swift */; };
		9AF164D52B8E2F7400AD488B /* AppetizerDetailView.swift in Sources */ = {isa = PBXBuildFile; fileRef = 9AF164D42B8E2F7400AD488B /* AppetizerDetailView.swift */; };
		9AF164D82B8E3F0900AD488B /* APButton.swift in Sources */ = {isa = PBXBuildFile; fileRef = 9AF164D72B8E3F0900AD488B /* APButton.swift */; };
		9AF164DA2B8E40E500AD488B /* XDismissButton.swift in Sources */ = {isa = PBXBuildFile; fileRef = 9AF164D92B8E40E500AD488B /* XDismissButton.swift */; };
		9AF164DC2B8E46D200AD488B /* AccountViewModel.swift in Sources */ = {isa = PBXBuildFile; fileRef = 9AF164DB2B8E46D200AD488B /* AccountViewModel.swift */; };
		9AF164DE2B8E489C00AD488B /* String+Ext.swift in Sources */ = {isa = PBXBuildFile; fileRef = 9AF164DD2B8E489C00AD488B /* String+Ext.swift */; };
		9AF164E02B8E63DE00AD488B /* User.swift in Sources */ = {isa = PBXBuildFile; fileRef = 9AF164DF2B8E63DE00AD488B /* User.swift */; };
		9AF164E32B8E76E900AD488B /* EmptyState.swift in Sources */ = {isa = PBXBuildFile; fileRef = 9AF164E22B8E76E900AD488B /* EmptyState.swift */; };
		9AF164E52B8E7F7E00AD488B /* Order.swift in Sources */ = {isa = PBXBuildFile; fileRef = 9AF164E42B8E7F7E00AD488B /* Order.swift */; };
		9AF164E72B8F982200AD488B /* CustomModifiers.swift in Sources */ = {isa = PBXBuildFile; fileRef = 9AF164E62B8F982200AD488B /* CustomModifiers.swift */; };
/* End PBXBuildFile section */

/* Begin PBXFileReference section */
		9A8C47F22B86B1B500D45E2B /* Appetizers.app */ = {isa = PBXFileReference; explicitFileType = wrapper.application; includeInIndex = 0; path = Appetizers.app; sourceTree = BUILT_PRODUCTS_DIR; };
		9A8C47F52B86B1B500D45E2B /* AppetizersApp.swift */ = {isa = PBXFileReference; lastKnownFileType = sourcecode.swift; path = AppetizersApp.swift; sourceTree = "<group>"; };
		9A8C47F72B86B1B500D45E2B /* AppetizerTabView.swift */ = {isa = PBXFileReference; lastKnownFileType = sourcecode.swift; path = AppetizerTabView.swift; sourceTree = "<group>"; };
		9A8C47F92B86B1B600D45E2B /* Assets.xcassets */ = {isa = PBXFileReference; lastKnownFileType = folder.assetcatalog; path = Assets.xcassets; sourceTree = "<group>"; };
		9A8C47FC2B86B1B600D45E2B /* Preview Assets.xcassets */ = {isa = PBXFileReference; lastKnownFileType = folder.assetcatalog; path = "Preview Assets.xcassets"; sourceTree = "<group>"; };
		9A8C48032B87AAEA00D45E2B /* AppetizerListView.swift */ = {isa = PBXFileReference; lastKnownFileType = sourcecode.swift; path = AppetizerListView.swift; sourceTree = "<group>"; };
		9A8C48052B87AAF200D45E2B /* AccountView.swift */ = {isa = PBXFileReference; lastKnownFileType = sourcecode.swift; path = AccountView.swift; sourceTree = "<group>"; };
		9A8C48072B87AAF900D45E2B /* OrderView.swift */ = {isa = PBXFileReference; lastKnownFileType = sourcecode.swift; path = OrderView.swift; sourceTree = "<group>"; };
		9AF164B52B89427F00AD488B /* Appetizer.swift */ = {isa = PBXFileReference; lastKnownFileType = sourcecode.swift; path = Appetizer.swift; sourceTree = "<group>"; };
		9AF164B72B8948CC00AD488B /* AppetizerListCell.swift */ = {isa = PBXFileReference; lastKnownFileType = sourcecode.swift; path = AppetizerListCell.swift; sourceTree = "<group>"; };
		9AF164B92B8949AA00AD488B /* NetworkManager.swift */ = {isa = PBXFileReference; lastKnownFileType = sourcecode.swift; path = NetworkManager.swift; sourceTree = "<group>"; };
		9AF164BB2B894A8600AD488B /* APError.swift */ = {isa = PBXFileReference; lastKnownFileType = sourcecode.swift; path = APError.swift; sourceTree = "<group>"; };
		9AF164BD2B89505A00AD488B /* AppetizerListViewModel.swift */ = {isa = PBXFileReference; lastKnownFileType = sourcecode.swift; path = AppetizerListViewModel.swift; sourceTree = "<group>"; };
		9AF164BF2B8951D000AD488B /* Alert.swift */ = {isa = PBXFileReference; lastKnownFileType = sourcecode.swift; path = Alert.swift; sourceTree = "<group>"; };
		9AF164C12B8D2F7000AD488B /* LoadingView.swift */ = {isa = PBXFileReference; lastKnownFileType = sourcecode.swift; path = LoadingView.swift; sourceTree = "<group>"; };
		9AF164C52B8D430200AD488B /* RemoteImage.swift */ = {isa = PBXFileReference; lastKnownFileType = sourcecode.swift; path = RemoteImage.swift; sourceTree = "<group>"; };
		9AF164D42B8E2F7400AD488B /* AppetizerDetailView.swift */ = {isa = PBXFileReference; lastKnownFileType = sourcecode.swift; path = AppetizerDetailView.swift; sourceTree = "<group>"; };
		9AF164D72B8E3F0900AD488B /* APButton.swift */ = {isa = PBXFileReference; lastKnownFileType = sourcecode.swift; path = APButton.swift; sourceTree = "<group>"; };
		9AF164D92B8E40E500AD488B /* XDismissButton.swift */ = {isa = PBXFileReference; lastKnownFileType = sourcecode.swift; path = XDismissButton.swift; sourceTree = "<group>"; };
		9AF164DB2B8E46D200AD488B /* AccountViewModel.swift */ = {isa = PBXFileReference; lastKnownFileType = sourcecode.swift; path = AccountViewModel.swift; sourceTree = "<group>"; };
		9AF164DD2B8E489C00AD488B /* String+Ext.swift */ = {isa = PBXFileReference; lastKnownFileType = sourcecode.swift; path = "String+Ext.swift"; sourceTree = "<group>"; };
		9AF164DF2B8E63DE00AD488B /* User.swift */ = {isa = PBXFileReference; lastKnownFileType = sourcecode.swift; path = User.swift; sourceTree = "<group>"; };
		9AF164E22B8E76E900AD488B /* EmptyState.swift */ = {isa = PBXFileReference; lastKnownFileType = sourcecode.swift; path = EmptyState.swift; sourceTree = "<group>"; };
		9AF164E42B8E7F7E00AD488B /* Order.swift */ = {isa = PBXFileReference; lastKnownFileType = sourcecode.swift; path = Order.swift; sourceTree = "<group>"; };
		9AF164E62B8F982200AD488B /* CustomModifiers.swift */ = {isa = PBXFileReference; lastKnownFileType = sourcecode.swift; path = CustomModifiers.swift; sourceTree = "<group>"; };
/* End PBXFileReference section */

/* Begin PBXFrameworksBuildPhase section */
		9A8C47EF2B86B1B500D45E2B /* Frameworks */ = {
			isa = PBXFrameworksBuildPhase;
			buildActionMask = 2147483647;
			files = (
			);
			runOnlyForDeploymentPostprocessing = 0;
		};
/* End PBXFrameworksBuildPhase section */

/* Begin PBXGroup section */
		9A8C47E92B86B1B500D45E2B = {
			isa = PBXGroup;
			children = (
				9A8C47F42B86B1B500D45E2B /* Appetizers */,
				9A8C47F32B86B1B500D45E2B /* Products */,
			);
			sourceTree = "<group>";
		};
		9A8C47F32B86B1B500D45E2B /* Products */ = {
			isa = PBXGroup;
			children = (
				9A8C47F22B86B1B500D45E2B /* Appetizers.app */,
			);
			name = Products;
			sourceTree = "<group>";
		};
		9A8C47F42B86B1B500D45E2B /* Appetizers */ = {
			isa = PBXGroup;
			children = (
				9AF164CF2B8D494200AD488B /* Model */,
				9AF164CB2B8D48E900AD488B /* Utilities */,
				9AF164D02B8D497600AD488B /* Views */,
				9AF164C72B8D487300AD488B /* Screens */,
				9A8C47F52B86B1B500D45E2B /* AppetizersApp.swift */,
				9A8C47F92B86B1B600D45E2B /* Assets.xcassets */,
				9A8C47FB2B86B1B600D45E2B /* Preview Content */,
			);
			path = Appetizers;
			sourceTree = "<group>";
		};
		9A8C47FB2B86B1B600D45E2B /* Preview Content */ = {
			isa = PBXGroup;
			children = (
				9A8C47FC2B86B1B600D45E2B /* Preview Assets.xcassets */,
			);
			path = "Preview Content";
			sourceTree = "<group>";
		};
		9AF164C72B8D487300AD488B /* Screens */ = {
			isa = PBXGroup;
			children = (
				9A8C47F72B86B1B500D45E2B /* AppetizerTabView.swift */,
				9AF164C82B8D487A00AD488B /* AppetizerListView */,
				9AF164C92B8D488D00AD488B /* AccountView */,
				9AF164CA2B8D489700AD488B /* OrderView */,
			);
			path = Screens;
			sourceTree = "<group>";
		};
		9AF164C82B8D487A00AD488B /* AppetizerListView */ = {
			isa = PBXGroup;
			children = (
				9AF164BD2B89505A00AD488B /* AppetizerListViewModel.swift */,
				9A8C48032B87AAEA00D45E2B /* AppetizerListView.swift */,
				9AF164D42B8E2F7400AD488B /* AppetizerDetailView.swift */,
			);
			path = AppetizerListView;
			sourceTree = "<group>";
		};
		9AF164C92B8D488D00AD488B /* AccountView */ = {
			isa = PBXGroup;
			children = (
				9AF164DB2B8E46D200AD488B /* AccountViewModel.swift */,
				9A8C48052B87AAF200D45E2B /* AccountView.swift */,
			);
			path = AccountView;
			sourceTree = "<group>";
		};
		9AF164CA2B8D489700AD488B /* OrderView */ = {
			isa = PBXGroup;
			children = (
				9A8C48072B87AAF900D45E2B /* OrderView.swift */,
			);
			path = OrderView;
			sourceTree = "<group>";
		};
		9AF164CB2B8D48E900AD488B /* Utilities */ = {
			isa = PBXGroup;
			children = (
				9AF164CE2B8D491900AD488B /* Alerts */,
				9AF164CD2B8D490500AD488B /* Extensions */,
				9AF164CC2B8D48FB00AD488B /* Managers */,
			);
			path = Utilities;
			sourceTree = "<group>";
		};
		9AF164CC2B8D48FB00AD488B /* Managers */ = {
			isa = PBXGroup;
			children = (
				9AF164B92B8949AA00AD488B /* NetworkManager.swift */,
			);
			path = Managers;
			sourceTree = "<group>";
		};
		9AF164CD2B8D490500AD488B /* Extensions */ = {
			isa = PBXGroup;
			children = (
				9AF164DD2B8E489C00AD488B /* String+Ext.swift */,
			);
			path = Extensions;
			sourceTree = "<group>";
		};
		9AF164CE2B8D491900AD488B /* Alerts */ = {
			isa = PBXGroup;
			children = (
				9AF164BB2B894A8600AD488B /* APError.swift */,
				9AF164BF2B8951D000AD488B /* Alert.swift */,
			);
			path = Alerts;
			sourceTree = "<group>";
		};
		9AF164CF2B8D494200AD488B /* Model */ = {
			isa = PBXGroup;
			children = (
				9AF164B52B89427F00AD488B /* Appetizer.swift */,
				9AF164DF2B8E63DE00AD488B /* User.swift */,
				9AF164E42B8E7F7E00AD488B /* Order.swift */,
			);
			path = Model;
			sourceTree = "<group>";
		};
		9AF164D02B8D497600AD488B /* Views */ = {
			isa = PBXGroup;
			children = (
				9AF164E12B8E76D800AD488B /* Empty States */,
				9AF164D62B8E3EC900AD488B /* Buttons */,
				9AF164D32B8D499700AD488B /* Image */,
				9AF164D22B8D499100AD488B /* Cells */,
				9AF164D12B8D498000AD488B /* UIKit Components */,
				9AF164E62B8F982200AD488B /* CustomModifiers.swift */,
			);
			path = Views;
			sourceTree = "<group>";
		};
		9AF164D12B8D498000AD488B /* UIKit Components */ = {
			isa = PBXGroup;
			children = (
				9AF164C12B8D2F7000AD488B /* LoadingView.swift */,
			);
			path = "UIKit Components";
			sourceTree = "<group>";
		};
		9AF164D22B8D499100AD488B /* Cells */ = {
			isa = PBXGroup;
			children = (
				9AF164B72B8948CC00AD488B /* AppetizerListCell.swift */,
			);
			path = Cells;
			sourceTree = "<group>";
		};
		9AF164D32B8D499700AD488B /* Image */ = {
			isa = PBXGroup;
			children = (
				9AF164C52B8D430200AD488B /* RemoteImage.swift */,
			);
			path = Image;
			sourceTree = "<group>";
		};
		9AF164D62B8E3EC900AD488B /* Buttons */ = {
			isa = PBXGroup;
			children = (
				9AF164D72B8E3F0900AD488B /* APButton.swift */,
				9AF164D92B8E40E500AD488B /* XDismissButton.swift */,
			);
			path = Buttons;
			sourceTree = "<group>";
		};
		9AF164E12B8E76D800AD488B /* Empty States */ = {
			isa = PBXGroup;
			children = (
				9AF164E22B8E76E900AD488B /* EmptyState.swift */,
			);
			path = "Empty States";
			sourceTree = "<group>";
		};
/* End PBXGroup section */

/* Begin PBXNativeTarget section */
		9A8C47F12B86B1B500D45E2B /* Appetizers */ = {
			isa = PBXNativeTarget;
			buildConfigurationList = 9A8C48002B86B1B600D45E2B /* Build configuration list for PBXNativeTarget "Appetizers" */;
			buildPhases = (
				9A8C47EE2B86B1B500D45E2B /* Sources */,
				9A8C47EF2B86B1B500D45E2B /* Frameworks */,
				9A8C47F02B86B1B500D45E2B /* Resources */,
			);
			buildRules = (
			);
			dependencies = (
			);
			name = Appetizers;
			productName = Appetizers;
			productReference = 9A8C47F22B86B1B500D45E2B /* Appetizers.app */;
			productType = "com.apple.product-type.application";
		};
/* End PBXNativeTarget section */

/* Begin PBXProject section */
		9A8C47EA2B86B1B500D45E2B /* Project object */ = {
			isa = PBXProject;
			attributes = {
				BuildIndependentTargetsInParallel = 1;
				LastSwiftUpdateCheck = 1520;
				LastUpgradeCheck = 1520;
				TargetAttributes = {
					9A8C47F12B86B1B500D45E2B = {
						CreatedOnToolsVersion = 15.2;
					};
				};
			};
			buildConfigurationList = 9A8C47ED2B86B1B500D45E2B /* Build configuration list for PBXProject "Appetizers" */;
			compatibilityVersion = "Xcode 14.0";
			developmentRegion = en;
			hasScannedForEncodings = 0;
			knownRegions = (
				en,
				Base,
			);
			mainGroup = 9A8C47E92B86B1B500D45E2B;
			productRefGroup = 9A8C47F32B86B1B500D45E2B /* Products */;
			projectDirPath = "";
			projectRoot = "";
			targets = (
				9A8C47F12B86B1B500D45E2B /* Appetizers */,
			);
		};
/* End PBXProject section */

/* Begin PBXResourcesBuildPhase section */
		9A8C47F02B86B1B500D45E2B /* Resources */ = {
			isa = PBXResourcesBuildPhase;
			buildActionMask = 2147483647;
			files = (
				9A8C47FD2B86B1B600D45E2B /* Preview Assets.xcassets in Resources */,
				9A8C47FA2B86B1B600D45E2B /* Assets.xcassets in Resources */,
			);
			runOnlyForDeploymentPostprocessing = 0;
		};
/* End PBXResourcesBuildPhase section */

/* Begin PBXSourcesBuildPhase section */
		9A8C47EE2B86B1B500D45E2B /* Sources */ = {
			isa = PBXSourcesBuildPhase;
			buildActionMask = 2147483647;
			files = (
				9AF164DE2B8E489C00AD488B /* String+Ext.swift in Sources */,
				9AF164B62B89427F00AD488B /* Appetizer.swift in Sources */,
				9AF164BC2B894A8600AD488B /* APError.swift in Sources */,
				9AF164B82B8948CC00AD488B /* AppetizerListCell.swift in Sources */,
				9AF164D82B8E3F0900AD488B /* APButton.swift in Sources */,
				9AF164BE2B89505A00AD488B /* AppetizerListViewModel.swift in Sources */,
				9AF164E52B8E7F7E00AD488B /* Order.swift in Sources */,
				9A8C48062B87AAF200D45E2B /* AccountView.swift in Sources */,
				9AF164E32B8E76E900AD488B /* EmptyState.swift in Sources */,
				9AF164E72B8F982200AD488B /* CustomModifiers.swift in Sources */,
				9AF164C22B8D2F7000AD488B /* LoadingView.swift in Sources */,
				9AF164C62B8D430200AD488B /* RemoteImage.swift in Sources */,
				9A8C47F82B86B1B500D45E2B /* AppetizerTabView.swift in Sources */,
				9AF164D52B8E2F7400AD488B /* AppetizerDetailView.swift in Sources */,
				9AF164BA2B8949AA00AD488B /* NetworkManager.swift in Sources */,
				9A8C47F62B86B1B500D45E2B /* AppetizersApp.swift in Sources */,
				9AF164C02B8951D000AD488B /* Alert.swift in Sources */,
				9AF164DA2B8E40E500AD488B /* XDismissButton.swift in Sources */,
				9AF164E02B8E63DE00AD488B /* User.swift in Sources */,
				9A8C48042B87AAEA00D45E2B /* AppetizerListView.swift in Sources */,
				9AF164DC2B8E46D200AD488B /* AccountViewModel.swift in Sources */,
				9A8C48082B87AAF900D45E2B /* OrderView.swift in Sources */,
			);
			runOnlyForDeploymentPostprocessing = 0;
		};
/* End PBXSourcesBuildPhase section */

/* Begin XCBuildConfiguration section */
		9A8C47FE2B86B1B600D45E2B /* Debug */ = {
			isa = XCBuildConfiguration;
			buildSettings = {
				ALWAYS_SEARCH_USER_PATHS = NO;
				ASSETCATALOG_COMPILER_GENERATE_SWIFT_ASSET_SYMBOL_EXTENSIONS = YES;
				CLANG_ANALYZER_NONNULL = YES;
				CLANG_ANALYZER_NUMBER_OBJECT_CONVERSION = YES_AGGRESSIVE;
				CLANG_CXX_LANGUAGE_STANDARD = "gnu++20";
				CLANG_ENABLE_MODULES = YES;
				CLANG_ENABLE_OBJC_ARC = YES;
				CLANG_ENABLE_OBJC_WEAK = YES;
				CLANG_WARN_BLOCK_CAPTURE_AUTORELEASING = YES;
				CLANG_WARN_BOOL_CONVERSION = YES;
				CLANG_WARN_COMMA = YES;
				CLANG_WARN_CONSTANT_CONVERSION = YES;
				CLANG_WARN_DEPRECATED_OBJC_IMPLEMENTATIONS = YES;
				CLANG_WARN_DIRECT_OBJC_ISA_USAGE = YES_ERROR;
				CLANG_WARN_DOCUMENTATION_COMMENTS = YES;
				CLANG_WARN_EMPTY_BODY = YES;
				CLANG_WARN_ENUM_CONVERSION = YES;
				CLANG_WARN_INFINITE_RECURSION = YES;
				CLANG_WARN_INT_CONVERSION = YES;
				CLANG_WARN_NON_LITERAL_NULL_CONVERSION = YES;
				CLANG_WARN_OBJC_IMPLICIT_RETAIN_SELF = YES;
				CLANG_WARN_OBJC_LITERAL_CONVERSION = YES;
				CLANG_WARN_OBJC_ROOT_CLASS = YES_ERROR;
				CLANG_WARN_QUOTED_INCLUDE_IN_FRAMEWORK_HEADER = YES;
				CLANG_WARN_RANGE_LOOP_ANALYSIS = YES;
				CLANG_WARN_STRICT_PROTOTYPES = YES;
				CLANG_WARN_SUSPICIOUS_MOVE = YES;
				CLANG_WARN_UNGUARDED_AVAILABILITY = YES_AGGRESSIVE;
				CLANG_WARN_UNREACHABLE_CODE = YES;
				CLANG_WARN__DUPLICATE_METHOD_MATCH = YES;
				COPY_PHASE_STRIP = NO;
				DEBUG_INFORMATION_FORMAT = dwarf;
				ENABLE_STRICT_OBJC_MSGSEND = YES;
				ENABLE_TESTABILITY = YES;
				ENABLE_USER_SCRIPT_SANDBOXING = YES;
				GCC_C_LANGUAGE_STANDARD = gnu17;
				GCC_DYNAMIC_NO_PIC = NO;
				GCC_NO_COMMON_BLOCKS = YES;
				GCC_OPTIMIZATION_LEVEL = 0;
				GCC_PREPROCESSOR_DEFINITIONS = (
					"DEBUG=1",
					"$(inherited)",
				);
				GCC_WARN_64_TO_32_BIT_CONVERSION = YES;
				GCC_WARN_ABOUT_RETURN_TYPE = YES_ERROR;
				GCC_WARN_UNDECLARED_SELECTOR = YES;
				GCC_WARN_UNINITIALIZED_AUTOS = YES_AGGRESSIVE;
				GCC_WARN_UNUSED_FUNCTION = YES;
				GCC_WARN_UNUSED_VARIABLE = YES;
				IPHONEOS_DEPLOYMENT_TARGET = 17.2;
				LOCALIZATION_PREFERS_STRING_CATALOGS = YES;
				MTL_ENABLE_DEBUG_INFO = INCLUDE_SOURCE;
				MTL_FAST_MATH = YES;
				ONLY_ACTIVE_ARCH = YES;
				SDKROOT = iphoneos;
				SWIFT_ACTIVE_COMPILATION_CONDITIONS = "DEBUG $(inherited)";
				SWIFT_OPTIMIZATION_LEVEL = "-Onone";
			};
			name = Debug;
		};
		9A8C47FF2B86B1B600D45E2B /* Release */ = {
			isa = XCBuildConfiguration;
			buildSettings = {
				ALWAYS_SEARCH_USER_PATHS = NO;
				ASSETCATALOG_COMPILER_GENERATE_SWIFT_ASSET_SYMBOL_EXTENSIONS = YES;
				CLANG_ANALYZER_NONNULL = YES;
				CLANG_ANALYZER_NUMBER_OBJECT_CONVERSION = YES_AGGRESSIVE;
				CLANG_CXX_LANGUAGE_STANDARD = "gnu++20";
				CLANG_ENABLE_MODULES = YES;
				CLANG_ENABLE_OBJC_ARC = YES;
				CLANG_ENABLE_OBJC_WEAK = YES;
				CLANG_WARN_BLOCK_CAPTURE_AUTORELEASING = YES;
				CLANG_WARN_BOOL_CONVERSION = YES;
				CLANG_WARN_COMMA = YES;
				CLANG_WARN_CONSTANT_CONVERSION = YES;
				CLANG_WARN_DEPRECATED_OBJC_IMPLEMENTATIONS = YES;
				CLANG_WARN_DIRECT_OBJC_ISA_USAGE = YES_ERROR;
				CLANG_WARN_DOCUMENTATION_COMMENTS = YES;
				CLANG_WARN_EMPTY_BODY = YES;
				CLANG_WARN_ENUM_CONVERSION = YES;
				CLANG_WARN_INFINITE_RECURSION = YES;
				CLANG_WARN_INT_CONVERSION = YES;
				CLANG_WARN_NON_LITERAL_NULL_CONVERSION = YES;
				CLANG_WARN_OBJC_IMPLICIT_RETAIN_SELF = YES;
				CLANG_WARN_OBJC_LITERAL_CONVERSION = YES;
				CLANG_WARN_OBJC_ROOT_CLASS = YES_ERROR;
				CLANG_WARN_QUOTED_INCLUDE_IN_FRAMEWORK_HEADER = YES;
				CLANG_WARN_RANGE_LOOP_ANALYSIS = YES;
				CLANG_WARN_STRICT_PROTOTYPES = YES;
				CLANG_WARN_SUSPICIOUS_MOVE = YES;
				CLANG_WARN_UNGUARDED_AVAILABILITY = YES_AGGRESSIVE;
				CLANG_WARN_UNREACHABLE_CODE = YES;
				CLANG_WARN__DUPLICATE_METHOD_MATCH = YES;
				COPY_PHASE_STRIP = NO;
				DEBUG_INFORMATION_FORMAT = "dwarf-with-dsym";
				ENABLE_NS_ASSERTIONS = NO;
				ENABLE_STRICT_OBJC_MSGSEND = YES;
				ENABLE_USER_SCRIPT_SANDBOXING = YES;
				GCC_C_LANGUAGE_STANDARD = gnu17;
				GCC_NO_COMMON_BLOCKS = YES;
				GCC_WARN_64_TO_32_BIT_CONVERSION = YES;
				GCC_WARN_ABOUT_RETURN_TYPE = YES_ERROR;
				GCC_WARN_UNDECLARED_SELECTOR = YES;
				GCC_WARN_UNINITIALIZED_AUTOS = YES_AGGRESSIVE;
				GCC_WARN_UNUSED_FUNCTION = YES;
				GCC_WARN_UNUSED_VARIABLE = YES;
				IPHONEOS_DEPLOYMENT_TARGET = 17.2;
				LOCALIZATION_PREFERS_STRING_CATALOGS = YES;
				MTL_ENABLE_DEBUG_INFO = NO;
				MTL_FAST_MATH = YES;
				SDKROOT = iphoneos;
				SWIFT_COMPILATION_MODE = wholemodule;
				VALIDATE_PRODUCT = YES;
			};
			name = Release;
		};
		9A8C48012B86B1B600D45E2B /* Debug */ = {
			isa = XCBuildConfiguration;
			buildSettings = {
				ASSETCATALOG_COMPILER_APPICON_NAME = AppIcon;
				ASSETCATALOG_COMPILER_GLOBAL_ACCENT_COLOR_NAME = AccentColor;
				CODE_SIGN_STYLE = Automatic;
				CURRENT_PROJECT_VERSION = 1;
				DEVELOPMENT_ASSET_PATHS = "\"Appetizers/Preview Content\"";
				DEVELOPMENT_TEAM = R7LRGZFY5Y;
				ENABLE_PREVIEWS = YES;
				GENERATE_INFOPLIST_FILE = YES;
				INFOPLIST_KEY_UIApplicationSceneManifest_Generation = YES;
				INFOPLIST_KEY_UIApplicationSupportsIndirectInputEvents = YES;
				INFOPLIST_KEY_UILaunchScreen_Generation = YES;
				INFOPLIST_KEY_UISupportedInterfaceOrientations_iPad = "UIInterfaceOrientationPortrait UIInterfaceOrientationPortraitUpsideDown UIInterfaceOrientationLandscapeLeft UIInterfaceOrientationLandscapeRight";
				INFOPLIST_KEY_UISupportedInterfaceOrientations_iPhone = "UIInterfaceOrientationPortrait UIInterfaceOrientationLandscapeLeft UIInterfaceOrientationLandscapeRight";
				LD_RUNPATH_SEARCH_PATHS = (
					"$(inherited)",
					"@executable_path/Frameworks",
				);
				MARKETING_VERSION = 1.0;
				PRODUCT_BUNDLE_IDENTIFIER = emdub.Appetizers;
				PRODUCT_NAME = "$(TARGET_NAME)";
				SWIFT_EMIT_LOC_STRINGS = YES;
				SWIFT_VERSION = 5.0;
				TARGETED_DEVICE_FAMILY = "1,2";
			};
			name = Debug;
		};
		9A8C48022B86B1B600D45E2B /* Release */ = {
			isa = XCBuildConfiguration;
			buildSettings = {
				ASSETCATALOG_COMPILER_APPICON_NAME = AppIcon;
				ASSETCATALOG_COMPILER_GLOBAL_ACCENT_COLOR_NAME = AccentColor;
				CODE_SIGN_STYLE = Automatic;
				CURRENT_PROJECT_VERSION = 1;
				DEVELOPMENT_ASSET_PATHS = "\"Appetizers/Preview Content\"";
				DEVELOPMENT_TEAM = R7LRGZFY5Y;
				ENABLE_PREVIEWS = YES;
				GENERATE_INFOPLIST_FILE = YES;
				INFOPLIST_KEY_UIApplicationSceneManifest_Generation = YES;
				INFOPLIST_KEY_UIApplicationSupportsIndirectInputEvents = YES;
				INFOPLIST_KEY_UILaunchScreen_Generation = YES;
				INFOPLIST_KEY_UISupportedInterfaceOrientations_iPad = "UIInterfaceOrientationPortrait UIInterfaceOrientationPortraitUpsideDown UIInterfaceOrientationLandscapeLeft UIInterfaceOrientationLandscapeRight";
				INFOPLIST_KEY_UISupportedInterfaceOrientations_iPhone = "UIInterfaceOrientationPortrait UIInterfaceOrientationLandscapeLeft UIInterfaceOrientationLandscapeRight";
				LD_RUNPATH_SEARCH_PATHS = (
					"$(inherited)",
					"@executable_path/Frameworks",
				);
				MARKETING_VERSION = 1.0;
				PRODUCT_BUNDLE_IDENTIFIER = emdub.Appetizers;
				PRODUCT_NAME = "$(TARGET_NAME)";
				SWIFT_EMIT_LOC_STRINGS = YES;
				SWIFT_VERSION = 5.0;
				TARGETED_DEVICE_FAMILY = "1,2";
			};
			name = Release;
		};
/* End XCBuildConfiguration section */

/* Begin XCConfigurationList section */
		9A8C47ED2B86B1B500D45E2B /* Build configuration list for PBXProject "Appetizers" */ = {
			isa = XCConfigurationList;
			buildConfigurations = (
				9A8C47FE2B86B1B600D45E2B /* Debug */,
				9A8C47FF2B86B1B600D45E2B /* Release */,
			);
			defaultConfigurationIsVisible = 0;
			defaultConfigurationName = Release;
		};
		9A8C48002B86B1B600D45E2B /* Build configuration list for PBXNativeTarget "Appetizers" */ = {
			isa = XCConfigurationList;
			buildConfigurations = (
				9A8C48012B86B1B600D45E2B /* Debug */,
				9A8C48022B86B1B600D45E2B /* Release */,
			);
			defaultConfigurationIsVisible = 0;
			defaultConfigurationName = Release;
		};
/* End XCConfigurationList section */
	};
	rootObject = 9A8C47EA2B86B1B500D45E2B /* Project object */;
}
